
Microsoft Visual Studio Solution File, Format Version 12.00
# Visual Studio Version 16
VisualStudioVersion = 16.0.29806.167
MinimumVisualStudioVersion = 15.0.26124.0
Project("{9A19103F-16F7-4668-BE54-9A1E7A4F7556}") = "DesktopGL", "DesktopGL\DesktopGL.csproj", "{C14CCBF8-5985-4230-B8D1-E084FE33374F}"
EndProject
Project("{9A19103F-16F7-4668-BE54-9A1E7A4F7556}") = "Komodo", "Komodo\Komodo.csproj", "{00A58643-6AF7-4132-BF52-35958BA389A0}"
EndProject
Project("{9A19103F-16F7-4668-BE54-9A1E7A4F7556}") = "Common", "Common\Common.csproj", "{878D395B-4EB9-417D-B968-DFA41C4D5763}"
EndProject
Project("{2150E333-8FDC-42A3-9474-1A3956D46DE8}") = "Solution Items", "Solution Items", "{39DEB50A-45C6-4A6E-84BE-7DB6D341C0EA}"
	ProjectSection(SolutionItems) = preProject
		.editorconfig = .editorconfig
	EndProjectSection
EndProject
Project("{9A19103F-16F7-4668-BE54-9A1E7A4F7556}") = "Server", "Server\Server.csproj", "{D0C0DD66-A020-4AFD-A30D-3F429148C18C}"
EndProject
Project("{F2A71F9B-5D33-465A-A702-920D77279786}") = "Scales", "Scales\Scales.fsproj", "{FECD1E54-558D-4604-9EBE-6E469BE9C756}"
EndProject
Global
	GlobalSection(SolutionConfigurationPlatforms) = preSolution
		Debug|Any CPU = Debug|Any CPU
		Debug|x64 = Debug|x64
		Debug|x86 = Debug|x86
		Release|Any CPU = Release|Any CPU
		Release|x64 = Release|x64
		Release|x86 = Release|x86
	EndGlobalSection
	GlobalSection(ProjectConfigurationPlatforms) = postSolution
		{C14CCBF8-5985-4230-B8D1-E084FE33374F}.Debug|Any CPU.ActiveCfg = Debug|Any CPU
		{C14CCBF8-5985-4230-B8D1-E084FE33374F}.Debug|Any CPU.Build.0 = Debug|Any CPU
		{C14CCBF8-5985-4230-B8D1-E084FE33374F}.Debug|x64.ActiveCfg = Debug|Any CPU
		{C14CCBF8-5985-4230-B8D1-E084FE33374F}.Debug|x64.Build.0 = Debug|Any CPU
		{C14CCBF8-5985-4230-B8D1-E084FE33374F}.Debug|x86.ActiveCfg = Debug|Any CPU
		{C14CCBF8-5985-4230-B8D1-E084FE33374F}.Debug|x86.Build.0 = Debug|Any CPU
		{C14CCBF8-5985-4230-B8D1-E084FE33374F}.Release|Any CPU.ActiveCfg = Release|Any CPU
		{C14CCBF8-5985-4230-B8D1-E084FE33374F}.Release|Any CPU.Build.0 = Release|Any CPU
		{C14CCBF8-5985-4230-B8D1-E084FE33374F}.Release|x64.ActiveCfg = Release|Any CPU
		{C14CCBF8-5985-4230-B8D1-E084FE33374F}.Release|x64.Build.0 = Release|Any CPU
		{C14CCBF8-5985-4230-B8D1-E084FE33374F}.Release|x86.ActiveCfg = Release|Any CPU
		{C14CCBF8-5985-4230-B8D1-E084FE33374F}.Release|x86.Build.0 = Release|Any CPU
		{00A58643-6AF7-4132-BF52-35958BA389A0}.Debug|Any CPU.ActiveCfg = Debug|Any CPU
		{00A58643-6AF7-4132-BF52-35958BA389A0}.Debug|Any CPU.Build.0 = Debug|Any CPU
		{00A58643-6AF7-4132-BF52-35958BA389A0}.Debug|x64.ActiveCfg = Debug|Any CPU
		{00A58643-6AF7-4132-BF52-35958BA389A0}.Debug|x64.Build.0 = Debug|Any CPU
		{00A58643-6AF7-4132-BF52-35958BA389A0}.Debug|x86.ActiveCfg = Debug|Any CPU
		{00A58643-6AF7-4132-BF52-35958BA389A0}.Debug|x86.Build.0 = Debug|Any CPU
		{00A58643-6AF7-4132-BF52-35958BA389A0}.Release|Any CPU.ActiveCfg = Release|Any CPU
		{00A58643-6AF7-4132-BF52-35958BA389A0}.Release|Any CPU.Build.0 = Release|Any CPU
		{00A58643-6AF7-4132-BF52-35958BA389A0}.Release|x64.ActiveCfg = Release|Any CPU
		{00A58643-6AF7-4132-BF52-35958BA389A0}.Release|x64.Build.0 = Release|Any CPU
		{00A58643-6AF7-4132-BF52-35958BA389A0}.Release|x86.ActiveCfg = Release|Any CPU
		{00A58643-6AF7-4132-BF52-35958BA389A0}.Release|x86.Build.0 = Release|Any CPU
		{878D395B-4EB9-417D-B968-DFA41C4D5763}.Debug|Any CPU.ActiveCfg = Debug|Any CPU
		{878D395B-4EB9-417D-B968-DFA41C4D5763}.Debug|Any CPU.Build.0 = Debug|Any CPU
		{878D395B-4EB9-417D-B968-DFA41C4D5763}.Debug|x64.ActiveCfg = Debug|Any CPU
		{878D395B-4EB9-417D-B968-DFA41C4D5763}.Debug|x64.Build.0 = Debug|Any CPU
		{878D395B-4EB9-417D-B968-DFA41C4D5763}.Debug|x86.ActiveCfg = Debug|Any CPU
		{878D395B-4EB9-417D-B968-DFA41C4D5763}.Debug|x86.Build.0 = Debug|Any CPU
		{878D395B-4EB9-417D-B968-DFA41C4D5763}.Release|Any CPU.ActiveCfg = Release|Any CPU
		{878D395B-4EB9-417D-B968-DFA41C4D5763}.Release|Any CPU.Build.0 = Release|Any CPU
		{878D395B-4EB9-417D-B968-DFA41C4D5763}.Release|x64.ActiveCfg = Release|Any CPU
		{878D395B-4EB9-417D-B968-DFA41C4D5763}.Release|x64.Build.0 = Release|Any CPU
		{878D395B-4EB9-417D-B968-DFA41C4D5763}.Release|x86.ActiveCfg = Release|Any CPU
		{878D395B-4EB9-417D-B968-DFA41C4D5763}.Release|x86.Build.0 = Release|Any CPU
		{D0C0DD66-A020-4AFD-A30D-3F429148C18C}.Debug|Any CPU.ActiveCfg = Debug|Any CPU
		{D0C0DD66-A020-4AFD-A30D-3F429148C18C}.Debug|Any CPU.Build.0 = Debug|Any CPU
		{D0C0DD66-A020-4AFD-A30D-3F429148C18C}.Debug|x64.ActiveCfg = Debug|Any CPU
		{D0C0DD66-A020-4AFD-A30D-3F429148C18C}.Debug|x64.Build.0 = Debug|Any CPU
		{D0C0DD66-A020-4AFD-A30D-3F429148C18C}.Debug|x86.ActiveCfg = Debug|Any CPU
		{D0C0DD66-A020-4AFD-A30D-3F429148C18C}.Debug|x86.Build.0 = Debug|Any CPU
		{D0C0DD66-A020-4AFD-A30D-3F429148C18C}.Release|Any CPU.ActiveCfg = Release|Any CPU
		{D0C0DD66-A020-4AFD-A30D-3F429148C18C}.Release|Any CPU.Build.0 = Release|Any CPU
		{D0C0DD66-A020-4AFD-A30D-3F429148C18C}.Release|x64.ActiveCfg = Release|Any CPU
		{D0C0DD66-A020-4AFD-A30D-3F429148C18C}.Release|x64.Build.0 = Release|Any CPU
		{D0C0DD66-A020-4AFD-A30D-3F429148C18C}.Release|x86.ActiveCfg = Release|Any CPU
		{D0C0DD66-A020-4AFD-A30D-3F429148C18C}.Release|x86.Build.0 = Release|Any CPU
		{FECD1E54-558D-4604-9EBE-6E469BE9C756}.Debug|Any CPU.ActiveCfg = Debug|Any CPU
		{FECD1E54-558D-4604-9EBE-6E469BE9C756}.Debug|Any CPU.Build.0 = Debug|Any CPU
		{FECD1E54-558D-4604-9EBE-6E469BE9C756}.Debug|x64.ActiveCfg = Debug|Any CPU
		{FECD1E54-558D-4604-9EBE-6E469BE9C756}.Debug|x64.Build.0 = Debug|Any CPU
		{FECD1E54-558D-4604-9EBE-6E469BE9C756}.Debug|x86.ActiveCfg = Debug|Any CPU
		{FECD1E54-558D-4604-9EBE-6E469BE9C756}.Debug|x86.Build.0 = Debug|Any CPU
		{FECD1E54-558D-4604-9EBE-6E469BE9C756}.Release|Any CPU.ActiveCfg = Release|Any CPU
		{FECD1E54-558D-4604-9EBE-6E469BE9C756}.Release|Any CPU.Build.0 = Release|Any CPU
		{FECD1E54-558D-4604-9EBE-6E469BE9C756}.Release|x64.ActiveCfg = Release|Any CPU
		{FECD1E54-558D-4604-9EBE-6E469BE9C756}.Release|x64.Build.0 = Release|Any CPU
		{FECD1E54-558D-4604-9EBE-6E469BE9C756}.Release|x86.ActiveCfg = Release|Any CPU
		{FECD1E54-558D-4604-9EBE-6E469BE9C756}.Release|x86.Build.0 = Release|Any CPU
	EndGlobalSection
	GlobalSection(SolutionProperties) = preSolution
		HideSolutionNode = FALSE
	EndGlobalSection
	GlobalSection(ExtensibilityGlobals) = postSolution
		SolutionGuid = {94B6B445-7920-4B37-93CD-06D7FD80DC3F}
	EndGlobalSection
EndGlobal
